
Microsoft Visual Studio Solution File, Format Version 12.00
# Visual Studio 15
VisualStudioVersion = 15.0.28307.168
MinimumVisualStudioVersion = 10.0.40219.1
Project("{FAE04EC0-301F-11D3-BF4B-00C04F79EFBC}") = "CSVEditor", "CSVEditor\CSVEditor.csproj", "{CE0B5D65-4ACE-4A65-81B4-01E8513B4A16}"
EndProject
Project("{FAE04EC0-301F-11D3-BF4B-00C04F79EFBC}") = "CSVEditorFunctions", "CSVEditorFunctions\CSVEditorFunctions.csproj", "{9567EC2F-80E1-4450-A5F7-1472DA6EF844}"
EndProject
Global
	GlobalSection(SolutionConfigurationPlatforms) = preSolution
		Debug|Any CPU = Debug|Any CPU
		Release|Any CPU = Release|Any CPU
	EndGlobalSection
	GlobalSection(ProjectConfigurationPlatforms) = postSolution
		{CE0B5D65-4ACE-4A65-81B4-01E8513B4A16}.Debug|Any CPU.ActiveCfg = Debug|Any CPU
		{CE0B5D65-4ACE-4A65-81B4-01E8513B4A16}.Debug|Any CPU.Build.0 = Debug|Any CPU
		{CE0B5D65-4ACE-4A65-81B4-01E8513B4A16}.Release|Any CPU.ActiveCfg = Release|Any CPU
		{CE0B5D65-4ACE-4A65-81B4-01E8513B4A16}.Release|Any CPU.Build.0 = Release|Any CPU
		{9567EC2F-80E1-4450-A5F7-1472DA6EF844}.Debug|Any CPU.ActiveCfg = Debug|Any CPU
		{9567EC2F-80E1-4450-A5F7-1472DA6EF844}.Debug|Any CPU.Build.0 = Debug|Any CPU
		{9567EC2F-80E1-4450-A5F7-1472DA6EF844}.Release|Any CPU.ActiveCfg = Release|Any CPU
		{9567EC2F-80E1-4450-A5F7-1472DA6EF844}.Release|Any CPU.Build.0 = Release|Any CPU
	EndGlobalSection
	GlobalSection(SolutionProperties) = preSolution
		HideSolutionNode = FALSE
	EndGlobalSection
	GlobalSection(ExtensibilityGlobals) = postSolution
		SolutionGuid = {E93A67CD-7EA6-465C-91A3-253BE6D7C75B}
	EndGlobalSection
EndGlobal
