
Microsoft Visual Studio Solution File, Format Version 12.00
# Visual Studio Version 17
VisualStudioVersion = 17.0.31903.59
MinimumVisualStudioVersion = 10.0.40219.1
Project("{FAE04EC0-301F-11D3-BF4B-00C04F79EFBC}") = "CSVEditor", "CSVEditor\CSVEditor.csproj", "{CE0B5D65-4ACE-4A65-81B4-01E8513B4A16}"
EndProject
Project("{9A19103F-16F7-4668-BE54-9A1E7A4F7556}") = "CSVEditorFunctions", "CSVEditorFunctions\CSVEditorFunctions.csproj", "{9567EC2F-80E1-4450-A5F7-1472DA6EF844}"
EndProject
Project("{9A19103F-16F7-4668-BE54-9A1E7A4F7556}") = "CSVEditorUnitTests", "CSVEditorUnitTests\CSVEditorUnitTests.csproj", "{F630AA40-6B06-46BA-8F38-0DC68D55363E}"
EndProject
Project("{FAE04EC0-301F-11D3-BF4B-00C04F79EFBC}") = "CSVEditorForm", "CSVEditorForm\CSVEditorForm.csproj", "{75238D1C-7170-4D16-A6E6-98CE74ABB56D}"
EndProject
Global
	GlobalSection(SolutionConfigurationPlatforms) = preSolution
		Debug|Any CPU = Debug|Any CPU
		Release|Any CPU = Release|Any CPU
	EndGlobalSection
	GlobalSection(ProjectConfigurationPlatforms) = postSolution
		{CE0B5D65-4ACE-4A65-81B4-01E8513B4A16}.Debug|Any CPU.ActiveCfg = Debug|Any CPU
		{CE0B5D65-4ACE-4A65-81B4-01E8513B4A16}.Debug|Any CPU.Build.0 = Debug|Any CPU
		{CE0B5D65-4ACE-4A65-81B4-01E8513B4A16}.Release|Any CPU.ActiveCfg = Release|Any CPU
		{CE0B5D65-4ACE-4A65-81B4-01E8513B4A16}.Release|Any CPU.Build.0 = Release|Any CPU
		{9567EC2F-80E1-4450-A5F7-1472DA6EF844}.Debug|Any CPU.ActiveCfg = Debug|Any CPU
		{9567EC2F-80E1-4450-A5F7-1472DA6EF844}.Debug|Any CPU.Build.0 = Debug|Any CPU
		{9567EC2F-80E1-4450-A5F7-1472DA6EF844}.Release|Any CPU.ActiveCfg = Release|Any CPU
		{9567EC2F-80E1-4450-A5F7-1472DA6EF844}.Release|Any CPU.Build.0 = Release|Any CPU
		{F630AA40-6B06-46BA-8F38-0DC68D55363E}.Debug|Any CPU.ActiveCfg = Debug|Any CPU
		{F630AA40-6B06-46BA-8F38-0DC68D55363E}.Debug|Any CPU.Build.0 = Debug|Any CPU
		{F630AA40-6B06-46BA-8F38-0DC68D55363E}.Release|Any CPU.ActiveCfg = Release|Any CPU
		{F630AA40-6B06-46BA-8F38-0DC68D55363E}.Release|Any CPU.Build.0 = Release|Any CPU
		{75238D1C-7170-4D16-A6E6-98CE74ABB56D}.Debug|Any CPU.ActiveCfg = Debug|Any CPU
		{75238D1C-7170-4D16-A6E6-98CE74ABB56D}.Debug|Any CPU.Build.0 = Debug|Any CPU
		{75238D1C-7170-4D16-A6E6-98CE74ABB56D}.Release|Any CPU.ActiveCfg = Release|Any CPU
		{75238D1C-7170-4D16-A6E6-98CE74ABB56D}.Release|Any CPU.Build.0 = Release|Any CPU
	EndGlobalSection
	GlobalSection(SolutionProperties) = preSolution
		HideSolutionNode = FALSE
	EndGlobalSection
	GlobalSection(ExtensibilityGlobals) = postSolution
		SolutionGuid = {E93A67CD-7EA6-465C-91A3-253BE6D7C75B}
	EndGlobalSection
EndGlobal
